
Microsoft Visual Studio Solution File, Format Version 12.00
# Visual Studio Version 17
VisualStudioVersion = 17.9.34616.47
MinimumVisualStudioVersion = 10.0.40219.1
Project("{2150E333-8FDC-42A3-9474-1A3956D46DE8}") = "Core", "Core", "{3BC65C77-02C2-4F8C-A623-BE622BE3CC50}"
EndProject
Project("{FAE04EC0-301F-11D3-BF4B-00C04F79EFBC}") = "CarBookApp.Domain", "CarBookApp.Domain\CarBookApp.Domain.csproj", "{D8735926-3E07-40A3-B412-D0619E918793}"
EndProject
Project("{2150E333-8FDC-42A3-9474-1A3956D46DE8}") = "Infrastructure", "Infrastructure", "{29733964-7278-4416-ADC6-A92988110784}"
EndProject
Project("{FAE04EC0-301F-11D3-BF4B-00C04F79EFBC}") = "CarBookApp.Persistence", "Infrastructure\CarBookApp.Persistence\CarBookApp.Persistence.csproj", "{C834E417-A3DA-4E1A-8C6F-6F696604BB49}"
EndProject
Project("{2150E333-8FDC-42A3-9474-1A3956D46DE8}") = "Presentation", "Presentation", "{B79B907B-CA9B-4FB4-A6FC-D74E30A6079F}"
EndProject
Project("{FAE04EC0-301F-11D3-BF4B-00C04F79EFBC}") = "CarBookApp.WebApi", "CarBookApp.WebApi\CarBookApp.WebApi.csproj", "{2B6CC400-CAF4-4FD7-862B-06F3442E802F}"
EndProject
Project("{FAE04EC0-301F-11D3-BF4B-00C04F79EFBC}") = "CarBookApp.Application", "CarBookApp.Application\CarBookApp.Application.csproj", "{204F4CA4-5EC5-4DBC-88D6-19FA3FA512CB}"
EndProject
Global
	GlobalSection(SolutionConfigurationPlatforms) = preSolution
		Debug|Any CPU = Debug|Any CPU
		Release|Any CPU = Release|Any CPU
	EndGlobalSection
	GlobalSection(ProjectConfigurationPlatforms) = postSolution
		{D8735926-3E07-40A3-B412-D0619E918793}.Debug|Any CPU.ActiveCfg = Debug|Any CPU
		{D8735926-3E07-40A3-B412-D0619E918793}.Debug|Any CPU.Build.0 = Debug|Any CPU
		{D8735926-3E07-40A3-B412-D0619E918793}.Release|Any CPU.ActiveCfg = Release|Any CPU
		{D8735926-3E07-40A3-B412-D0619E918793}.Release|Any CPU.Build.0 = Release|Any CPU
		{C834E417-A3DA-4E1A-8C6F-6F696604BB49}.Debug|Any CPU.ActiveCfg = Debug|Any CPU
		{C834E417-A3DA-4E1A-8C6F-6F696604BB49}.Debug|Any CPU.Build.0 = Debug|Any CPU
		{C834E417-A3DA-4E1A-8C6F-6F696604BB49}.Release|Any CPU.ActiveCfg = Release|Any CPU
		{C834E417-A3DA-4E1A-8C6F-6F696604BB49}.Release|Any CPU.Build.0 = Release|Any CPU
		{2B6CC400-CAF4-4FD7-862B-06F3442E802F}.Debug|Any CPU.ActiveCfg = Debug|Any CPU
		{2B6CC400-CAF4-4FD7-862B-06F3442E802F}.Debug|Any CPU.Build.0 = Debug|Any CPU
		{2B6CC400-CAF4-4FD7-862B-06F3442E802F}.Release|Any CPU.ActiveCfg = Release|Any CPU
		{2B6CC400-CAF4-4FD7-862B-06F3442E802F}.Release|Any CPU.Build.0 = Release|Any CPU
		{204F4CA4-5EC5-4DBC-88D6-19FA3FA512CB}.Debug|Any CPU.ActiveCfg = Debug|Any CPU
		{204F4CA4-5EC5-4DBC-88D6-19FA3FA512CB}.Debug|Any CPU.Build.0 = Debug|Any CPU
		{204F4CA4-5EC5-4DBC-88D6-19FA3FA512CB}.Release|Any CPU.ActiveCfg = Release|Any CPU
		{204F4CA4-5EC5-4DBC-88D6-19FA3FA512CB}.Release|Any CPU.Build.0 = Release|Any CPU
	EndGlobalSection
	GlobalSection(SolutionProperties) = preSolution
		HideSolutionNode = FALSE
	EndGlobalSection
	GlobalSection(NestedProjects) = preSolution
		{D8735926-3E07-40A3-B412-D0619E918793} = {3BC65C77-02C2-4F8C-A623-BE622BE3CC50}
		{C834E417-A3DA-4E1A-8C6F-6F696604BB49} = {29733964-7278-4416-ADC6-A92988110784}
		{2B6CC400-CAF4-4FD7-862B-06F3442E802F} = {B79B907B-CA9B-4FB4-A6FC-D74E30A6079F}
		{204F4CA4-5EC5-4DBC-88D6-19FA3FA512CB} = {3BC65C77-02C2-4F8C-A623-BE622BE3CC50}
	EndGlobalSection
	GlobalSection(ExtensibilityGlobals) = postSolution
		SolutionGuid = {ED34DBDD-DD50-4366-8440-AD16EE36E0C4}
	EndGlobalSection
EndGlobal
